
Microsoft Visual Studio Solution File, Format Version 12.00
# Visual Studio 2013
VisualStudioVersion = 12.0.31101.0
MinimumVisualStudioVersion = 10.0.40219.1
Project("{FAE04EC0-301F-11D3-BF4B-00C04F79EFBC}") = "SqlStringBuilder.Core", "SqlStringBuilder.Core\SqlStringBuilder.Core.csproj", "{14CEC0F9-9691-4106-96A7-A126DB0EB7CA}"
EndProject
Project("{FAE04EC0-301F-11D3-BF4B-00C04F79EFBC}") = "SqlStringBuilder.Examples", "SqlStringBuilder.Examples\SqlStringBuilder.Examples.csproj", "{E973133A-8F1B-44D7-BF93-E5DB46621752}"
EndProject
Project("{FAE04EC0-301F-11D3-BF4B-00C04F79EFBC}") = "SqlStringBuilder.Core.UnitTest", "SqlStringBuilder.Core.UnitTest\SqlStringBuilder.Core.UnitTest.csproj", "{B600A347-E501-4C59-8B99-28BBF437720D}"
EndProject
Global
	GlobalSection(SolutionConfigurationPlatforms) = preSolution
		Debug|Any CPU = Debug|Any CPU
		Release|Any CPU = Release|Any CPU
	EndGlobalSection
	GlobalSection(ProjectConfigurationPlatforms) = postSolution
		{14CEC0F9-9691-4106-96A7-A126DB0EB7CA}.Debug|Any CPU.ActiveCfg = Debug|Any CPU
		{14CEC0F9-9691-4106-96A7-A126DB0EB7CA}.Debug|Any CPU.Build.0 = Debug|Any CPU
		{14CEC0F9-9691-4106-96A7-A126DB0EB7CA}.Release|Any CPU.ActiveCfg = Release|Any CPU
		{14CEC0F9-9691-4106-96A7-A126DB0EB7CA}.Release|Any CPU.Build.0 = Release|Any CPU
		{E973133A-8F1B-44D7-BF93-E5DB46621752}.Debug|Any CPU.ActiveCfg = Debug|Any CPU
		{E973133A-8F1B-44D7-BF93-E5DB46621752}.Debug|Any CPU.Build.0 = Debug|Any CPU
		{E973133A-8F1B-44D7-BF93-E5DB46621752}.Release|Any CPU.ActiveCfg = Release|Any CPU
		{E973133A-8F1B-44D7-BF93-E5DB46621752}.Release|Any CPU.Build.0 = Release|Any CPU
		{B600A347-E501-4C59-8B99-28BBF437720D}.Debug|Any CPU.ActiveCfg = Debug|Any CPU
		{B600A347-E501-4C59-8B99-28BBF437720D}.Debug|Any CPU.Build.0 = Debug|Any CPU
		{B600A347-E501-4C59-8B99-28BBF437720D}.Release|Any CPU.ActiveCfg = Release|Any CPU
		{B600A347-E501-4C59-8B99-28BBF437720D}.Release|Any CPU.Build.0 = Release|Any CPU
	EndGlobalSection
	GlobalSection(SolutionProperties) = preSolution
		HideSolutionNode = FALSE
	EndGlobalSection
EndGlobal
